// !$*UTF8*$!
{
	archiveVersion = 1;
	classes = {
	};
	objectVersion = 42;
	objects = {

/* Begin PBXGroup section */
		2C0F07D112A4F41000991032 = {
			isa = PBXGroup;
			children = (
			);
			sourceTree = "<group>";
		};
/* End PBXGroup section */

/* Begin PBXProject section */
		2C0F07D312A4F41000991032 /* Project object */ = {
			isa = PBXProject;
			buildConfigurationList = 2C0F07D612A4F41000991032 /* Build configuration list for PBXProject "JBCollections" */;
			compatibilityVersion = "Xcode 2.4";
			developmentRegion = English;
			hasScannedForEncodings = 0;
			knownRegions = (
				English,
				Japanese,
				French,
				German,
			);
			mainGroup = 2C0F07D112A4F41000991032;
			projectDirPath = "";
			projectRoot = "";
			targets = (
			);
		};
/* End PBXProject section */

/* Begin XCBuildConfiguration section */
		2C0F07D412A4F41000991032 /* Debug */ = {
			isa = XCBuildConfiguration;
			buildSettings = {
				COPY_PHASE_STRIP = NO;
			};
			name = Debug;
		};
		2C0F07D512A4F41000991032 /* Release */ = {
			isa = XCBuildConfiguration;
			buildSettings = {
				COPY_PHASE_STRIP = YES;
			};
			name = Release;
		};
/* End XCBuildConfiguration section */

/* Begin XCConfigurationList section */
		2C0F07D612A4F41000991032 /* Build configuration list for PBXProject "JBCollections" */ = {
			isa = XCConfigurationList;
			buildConfigurations = (
				2C0F07D412A4F41000991032 /* Debug */,
				2C0F07D512A4F41000991032 /* Release */,
			);
			defaultConfigurationIsVisible = 0;
			defaultConfigurationName = Release;
		};
/* End XCConfigurationList section */
	};
	rootObject = 2C0F07D312A4F41000991032 /* Project object */;
}
