// !$*UTF8*$!
{
	archiveVersion = 1;
	classes = {
	};
	objectVersion = 45;
	objects = {

/* Begin PBXBuildFile section */
		2C0F083E12A4FC3100991032 /* JBCollection.h in Headers */ = {isa = PBXBuildFile; fileRef = 2C0F083D12A4FC3100991032 /* JBCollection.h */; };
		2C0F087512A4FD2D00991032 /* JBAbstractCollection.h in Headers */ = {isa = PBXBuildFile; fileRef = 2C0F087312A4FD2D00991032 /* JBAbstractCollection.h */; };
		2C0F087612A4FD2D00991032 /* JBAbstractCollection.m in Sources */ = {isa = PBXBuildFile; fileRef = 2C0F087412A4FD2D00991032 /* JBAbstractCollection.m */; };
		2C0F08CF12A5005100991032 /* JBList.h in Headers */ = {isa = PBXBuildFile; fileRef = 2C0F08CE12A5005100991032 /* JBList.h */; };
		2C0F092A12A505AE00991032 /* JBSet.h in Headers */ = {isa = PBXBuildFile; fileRef = 2C0F092912A505AE00991032 /* JBSet.h */; };
		2C0F093412A505F800991032 /* JBMap.h in Headers */ = {isa = PBXBuildFile; fileRef = 2C0F093312A505F800991032 /* JBMap.h */; };
		2C0F099212A51EA200991032 /* JBQueue.h in Headers */ = {isa = PBXBuildFile; fileRef = 2C0F099112A51EA200991032 /* JBQueue.h */; };
		2C0F09A612A53DCB00991032 /* JBDeque.h in Headers */ = {isa = PBXBuildFile; fileRef = 2C0F09A512A53DCB00991032 /* JBDeque.h */; };
		2C0F09DF12A5407E00991032 /* JBStack.h in Headers */ = {isa = PBXBuildFile; fileRef = 2C0F09DD12A5407E00991032 /* JBStack.h */; };
		2C0F09E012A5407E00991032 /* JBStack.m in Sources */ = {isa = PBXBuildFile; fileRef = 2C0F09DE12A5407E00991032 /* JBStack.m */; };
		2C0F09FD12A541B200991032 /* JBLinkedList.h in Headers */ = {isa = PBXBuildFile; fileRef = 2C0F09FB12A541B200991032 /* JBLinkedList.h */; };
		2C0F09FE12A541B200991032 /* JBLinkedList.m in Sources */ = {isa = PBXBuildFile; fileRef = 2C0F09FC12A541B200991032 /* JBLinkedList.m */; };
		2C0F0A0312A5424C00991032 /* JBAbstractList.h in Headers */ = {isa = PBXBuildFile; fileRef = 2C0F0A0112A5424C00991032 /* JBAbstractList.h */; };
		2C0F0A0412A5424C00991032 /* JBAbstractList.m in Sources */ = {isa = PBXBuildFile; fileRef = 2C0F0A0212A5424C00991032 /* JBAbstractList.m */; };
		2C0F0A1F12A5437600991032 /* JBArrayList.h in Headers */ = {isa = PBXBuildFile; fileRef = 2C0F0A1D12A5437600991032 /* JBArrayList.h */; };
		2C0F0A2012A5437600991032 /* JBArrayList.m in Sources */ = {isa = PBXBuildFile; fileRef = 2C0F0A1E12A5437600991032 /* JBArrayList.m */; };
		2C741E6312A65A410089399D /* JBArray.h in Headers */ = {isa = PBXBuildFile; fileRef = 2C741E6112A65A410089399D /* JBArray.h */; };
		2C741E6412A65A410089399D /* JBArray.m in Sources */ = {isa = PBXBuildFile; fileRef = 2C741E6212A65A410089399D /* JBArray.m */; };
		2C7420CF12A6719F0089399D /* JBRandomAccess.h in Headers */ = {isa = PBXBuildFile; fileRef = 2C7420CE12A6719F0089399D /* JBRandomAccess.h */; };
		2C74212712ACE4E70089399D /* JBIterator.h in Headers */ = {isa = PBXBuildFile; fileRef = 2C74212612ACE4E70089399D /* JBIterator.h */; };
		2C98F89E12AE441300AB3547 /* JBArrays.h in Headers */ = {isa = PBXBuildFile; fileRef = 2C98F89C12AE441300AB3547 /* JBArrays.h */; };
		2C98F89F12AE441300AB3547 /* JBArrays.m in Sources */ = {isa = PBXBuildFile; fileRef = 2C98F89D12AE441300AB3547 /* JBArrays.m */; };
		2C98FBC112AE9D4C00AB3547 /* JBAbstractIterator.h in Headers */ = {isa = PBXBuildFile; fileRef = 2C98FBBF12AE9D4C00AB3547 /* JBAbstractIterator.h */; };
		2C98FBC212AE9D4C00AB3547 /* JBAbstractIterator.m in Sources */ = {isa = PBXBuildFile; fileRef = 2C98FBC012AE9D4C00AB3547 /* JBAbstractIterator.m */; };
		2CEB888312AD2D4D0080AC4C /* JBPriorityQueue.h in Headers */ = {isa = PBXBuildFile; fileRef = 2CEB888112AD2D4D0080AC4C /* JBPriorityQueue.h */; };
		2CEB888412AD2D4D0080AC4C /* JBPriorityQueue.m in Sources */ = {isa = PBXBuildFile; fileRef = 2CEB888212AD2D4D0080AC4C /* JBPriorityQueue.m */; };
		AA747D9F0F9514B9006C5449 /* JBCollections_Prefix.pch in Headers */ = {isa = PBXBuildFile; fileRef = AA747D9E0F9514B9006C5449 /* JBCollections_Prefix.pch */; };
		AACBBE4A0F95108600F1A2B1 /* Foundation.framework in Frameworks */ = {isa = PBXBuildFile; fileRef = AACBBE490F95108600F1A2B1 /* Foundation.framework */; };
/* End PBXBuildFile section */

/* Begin PBXFileReference section */
		2C0F083D12A4FC3100991032 /* JBCollection.h */ = {isa = PBXFileReference; fileEncoding = 4; lastKnownFileType = sourcecode.c.h; path = JBCollection.h; sourceTree = "<group>"; };
		2C0F087312A4FD2D00991032 /* JBAbstractCollection.h */ = {isa = PBXFileReference; fileEncoding = 4; lastKnownFileType = sourcecode.c.h; path = JBAbstractCollection.h; sourceTree = "<group>"; };
		2C0F087412A4FD2D00991032 /* JBAbstractCollection.m */ = {isa = PBXFileReference; fileEncoding = 4; lastKnownFileType = sourcecode.c.objc; path = JBAbstractCollection.m; sourceTree = "<group>"; };
		2C0F08CE12A5005100991032 /* JBList.h */ = {isa = PBXFileReference; fileEncoding = 4; lastKnownFileType = sourcecode.c.h; path = JBList.h; sourceTree = "<group>"; };
		2C0F092912A505AE00991032 /* JBSet.h */ = {isa = PBXFileReference; fileEncoding = 4; lastKnownFileType = sourcecode.c.h; path = JBSet.h; sourceTree = "<group>"; };
		2C0F093312A505F800991032 /* JBMap.h */ = {isa = PBXFileReference; fileEncoding = 4; lastKnownFileType = sourcecode.c.h; path = JBMap.h; sourceTree = "<group>"; };
		2C0F099112A51EA200991032 /* JBQueue.h */ = {isa = PBXFileReference; fileEncoding = 4; lastKnownFileType = sourcecode.c.h; path = JBQueue.h; sourceTree = "<group>"; };
		2C0F09A512A53DCB00991032 /* JBDeque.h */ = {isa = PBXFileReference; fileEncoding = 4; lastKnownFileType = sourcecode.c.h; path = JBDeque.h; sourceTree = "<group>"; };
		2C0F09DD12A5407E00991032 /* JBStack.h */ = {isa = PBXFileReference; fileEncoding = 4; lastKnownFileType = sourcecode.c.h; path = JBStack.h; sourceTree = "<group>"; };
		2C0F09DE12A5407E00991032 /* JBStack.m */ = {isa = PBXFileReference; fileEncoding = 4; lastKnownFileType = sourcecode.c.objc; path = JBStack.m; sourceTree = "<group>"; };
		2C0F09FB12A541B200991032 /* JBLinkedList.h */ = {isa = PBXFileReference; fileEncoding = 4; lastKnownFileType = sourcecode.c.h; path = JBLinkedList.h; sourceTree = "<group>"; };
		2C0F09FC12A541B200991032 /* JBLinkedList.m */ = {isa = PBXFileReference; fileEncoding = 4; lastKnownFileType = sourcecode.c.objc; path = JBLinkedList.m; sourceTree = "<group>"; };
		2C0F0A0112A5424C00991032 /* JBAbstractList.h */ = {isa = PBXFileReference; fileEncoding = 4; lastKnownFileType = sourcecode.c.h; path = JBAbstractList.h; sourceTree = "<group>"; };
		2C0F0A0212A5424C00991032 /* JBAbstractList.m */ = {isa = PBXFileReference; fileEncoding = 4; lastKnownFileType = sourcecode.c.objc; path = JBAbstractList.m; sourceTree = "<group>"; };
		2C0F0A1D12A5437600991032 /* JBArrayList.h */ = {isa = PBXFileReference; fileEncoding = 4; lastKnownFileType = sourcecode.c.h; path = JBArrayList.h; sourceTree = "<group>"; };
		2C0F0A1E12A5437600991032 /* JBArrayList.m */ = {isa = PBXFileReference; fileEncoding = 4; lastKnownFileType = sourcecode.c.objc; path = JBArrayList.m; sourceTree = "<group>"; };
		2C741E6112A65A410089399D /* JBArray.h */ = {isa = PBXFileReference; fileEncoding = 4; lastKnownFileType = sourcecode.c.h; path = JBArray.h; sourceTree = "<group>"; };
		2C741E6212A65A410089399D /* JBArray.m */ = {isa = PBXFileReference; fileEncoding = 4; lastKnownFileType = sourcecode.c.objc; path = JBArray.m; sourceTree = "<group>"; };
		2C7420CE12A6719F0089399D /* JBRandomAccess.h */ = {isa = PBXFileReference; fileEncoding = 4; lastKnownFileType = sourcecode.c.h; path = JBRandomAccess.h; sourceTree = "<group>"; };
		2C74212612ACE4E70089399D /* JBIterator.h */ = {isa = PBXFileReference; fileEncoding = 4; lastKnownFileType = sourcecode.c.h; path = JBIterator.h; sourceTree = "<group>"; };
		2C98F89C12AE441300AB3547 /* JBArrays.h */ = {isa = PBXFileReference; fileEncoding = 4; lastKnownFileType = sourcecode.c.h; path = JBArrays.h; sourceTree = "<group>"; };
		2C98F89D12AE441300AB3547 /* JBArrays.m */ = {isa = PBXFileReference; fileEncoding = 4; lastKnownFileType = sourcecode.c.objc; path = JBArrays.m; sourceTree = "<group>"; };
		2C98FBBF12AE9D4C00AB3547 /* JBAbstractIterator.h */ = {isa = PBXFileReference; fileEncoding = 4; lastKnownFileType = sourcecode.c.h; path = JBAbstractIterator.h; sourceTree = "<group>"; };
		2C98FBC012AE9D4C00AB3547 /* JBAbstractIterator.m */ = {isa = PBXFileReference; fileEncoding = 4; lastKnownFileType = sourcecode.c.objc; path = JBAbstractIterator.m; sourceTree = "<group>"; };
		2CEB888112AD2D4D0080AC4C /* JBPriorityQueue.h */ = {isa = PBXFileReference; fileEncoding = 4; lastKnownFileType = sourcecode.c.h; path = JBPriorityQueue.h; sourceTree = "<group>"; };
		2CEB888212AD2D4D0080AC4C /* JBPriorityQueue.m */ = {isa = PBXFileReference; fileEncoding = 4; lastKnownFileType = sourcecode.c.objc; path = JBPriorityQueue.m; sourceTree = "<group>"; };
		AA747D9E0F9514B9006C5449 /* JBCollections_Prefix.pch */ = {isa = PBXFileReference; fileEncoding = 4; lastKnownFileType = sourcecode.c.h; path = JBCollections_Prefix.pch; sourceTree = SOURCE_ROOT; };
		AACBBE490F95108600F1A2B1 /* Foundation.framework */ = {isa = PBXFileReference; lastKnownFileType = wrapper.framework; name = Foundation.framework; path = System/Library/Frameworks/Foundation.framework; sourceTree = SDKROOT; };
		D2AAC07E0554694100DB518D /* libJBCollections.a */ = {isa = PBXFileReference; explicitFileType = archive.ar; includeInIndex = 0; path = libJBCollections.a; sourceTree = BUILT_PRODUCTS_DIR; };
/* End PBXFileReference section */

/* Begin PBXFrameworksBuildPhase section */
		D2AAC07C0554694100DB518D /* Frameworks */ = {
			isa = PBXFrameworksBuildPhase;
			buildActionMask = 2147483647;
			files = (
				AACBBE4A0F95108600F1A2B1 /* Foundation.framework in Frameworks */,
			);
			runOnlyForDeploymentPostprocessing = 0;
		};
/* End PBXFrameworksBuildPhase section */

/* Begin PBXGroup section */
		034768DFFF38A50411DB9C8B /* Products */ = {
			isa = PBXGroup;
			children = (
				D2AAC07E0554694100DB518D /* libJBCollections.a */,
			);
			name = Products;
			sourceTree = "<group>";
		};
		0867D691FE84028FC02AAC07 /* JBCollections */ = {
			isa = PBXGroup;
			children = (
				08FB77AEFE84172EC02AAC07 /* Classes */,
				32C88DFF0371C24200C91783 /* Other Sources */,
				0867D69AFE84028FC02AAC07 /* Frameworks */,
				034768DFFF38A50411DB9C8B /* Products */,
			);
			name = JBCollections;
			sourceTree = "<group>";
		};
		0867D69AFE84028FC02AAC07 /* Frameworks */ = {
			isa = PBXGroup;
			children = (
				AACBBE490F95108600F1A2B1 /* Foundation.framework */,
			);
			name = Frameworks;
			sourceTree = "<group>";
		};
		08FB77AEFE84172EC02AAC07 /* Classes */ = {
			isa = PBXGroup;
			children = (
				2C0F083D12A4FC3100991032 /* JBCollection.h */,
				2C0F08CE12A5005100991032 /* JBList.h */,
				2C0F092912A505AE00991032 /* JBSet.h */,
				2C0F093312A505F800991032 /* JBMap.h */,
				2C0F099112A51EA200991032 /* JBQueue.h */,
				2C0F09A512A53DCB00991032 /* JBDeque.h */,
				2C74212612ACE4E70089399D /* JBIterator.h */,
				2C7420CE12A6719F0089399D /* JBRandomAccess.h */,
				2C0F087312A4FD2D00991032 /* JBAbstractCollection.h */,
				2C0F087412A4FD2D00991032 /* JBAbstractCollection.m */,
				2C0F0A0112A5424C00991032 /* JBAbstractList.h */,
				2C0F0A0212A5424C00991032 /* JBAbstractList.m */,
				2C0F09DD12A5407E00991032 /* JBStack.h */,
				2C0F09DE12A5407E00991032 /* JBStack.m */,
				2C0F09FB12A541B200991032 /* JBLinkedList.h */,
				2C0F09FC12A541B200991032 /* JBLinkedList.m */,
				2C0F0A1D12A5437600991032 /* JBArrayList.h */,
				2C0F0A1E12A5437600991032 /* JBArrayList.m */,
				2C741E6112A65A410089399D /* JBArray.h */,
				2C741E6212A65A410089399D /* JBArray.m */,
				2CEB888112AD2D4D0080AC4C /* JBPriorityQueue.h */,
				2CEB888212AD2D4D0080AC4C /* JBPriorityQueue.m */,
				2C98F89C12AE441300AB3547 /* JBArrays.h */,
				2C98F89D12AE441300AB3547 /* JBArrays.m */,
				2C98FBBF12AE9D4C00AB3547 /* JBAbstractIterator.h */,
				2C98FBC012AE9D4C00AB3547 /* JBAbstractIterator.m */,
			);
			path = Classes;
			sourceTree = "<group>";
		};
		32C88DFF0371C24200C91783 /* Other Sources */ = {
			isa = PBXGroup;
			children = (
				AA747D9E0F9514B9006C5449 /* JBCollections_Prefix.pch */,
			);
			name = "Other Sources";
			sourceTree = "<group>";
		};
/* End PBXGroup section */

/* Begin PBXHeadersBuildPhase section */
		D2AAC07A0554694100DB518D /* Headers */ = {
			isa = PBXHeadersBuildPhase;
			buildActionMask = 2147483647;
			files = (
				AA747D9F0F9514B9006C5449 /* JBCollections_Prefix.pch in Headers */,
				2C0F083E12A4FC3100991032 /* JBCollection.h in Headers */,
				2C0F087512A4FD2D00991032 /* JBAbstractCollection.h in Headers */,
				2C0F08CF12A5005100991032 /* JBList.h in Headers */,
				2C0F092A12A505AE00991032 /* JBSet.h in Headers */,
				2C0F093412A505F800991032 /* JBMap.h in Headers */,
				2C0F099212A51EA200991032 /* JBQueue.h in Headers */,
				2C0F09A612A53DCB00991032 /* JBDeque.h in Headers */,
				2C0F09DF12A5407E00991032 /* JBStack.h in Headers */,
				2C0F09FD12A541B200991032 /* JBLinkedList.h in Headers */,
				2C0F0A0312A5424C00991032 /* JBAbstractList.h in Headers */,
				2C0F0A1F12A5437600991032 /* JBArrayList.h in Headers */,
				2C741E6312A65A410089399D /* JBArray.h in Headers */,
				2C7420CF12A6719F0089399D /* JBRandomAccess.h in Headers */,
				2C74212712ACE4E70089399D /* JBIterator.h in Headers */,
				2CEB888312AD2D4D0080AC4C /* JBPriorityQueue.h in Headers */,
				2C98F89E12AE441300AB3547 /* JBArrays.h in Headers */,
				2C98FBC112AE9D4C00AB3547 /* JBAbstractIterator.h in Headers */,
			);
			runOnlyForDeploymentPostprocessing = 0;
		};
/* End PBXHeadersBuildPhase section */

/* Begin PBXNativeTarget section */
		D2AAC07D0554694100DB518D /* JBCollections */ = {
			isa = PBXNativeTarget;
			buildConfigurationList = 1DEB921E08733DC00010E9CD /* Build configuration list for PBXNativeTarget "JBCollections" */;
			buildPhases = (
				D2AAC07A0554694100DB518D /* Headers */,
				D2AAC07B0554694100DB518D /* Sources */,
				D2AAC07C0554694100DB518D /* Frameworks */,
			);
			buildRules = (
			);
			dependencies = (
			);
			name = JBCollections;
			productName = JBCollections;
			productReference = D2AAC07E0554694100DB518D /* libJBCollections.a */;
			productType = "com.apple.product-type.library.static";
		};
/* End PBXNativeTarget section */

/* Begin PBXProject section */
		0867D690FE84028FC02AAC07 /* Project object */ = {
			isa = PBXProject;
			attributes = {
				ORGANIZATIONNAME = JetBrains;
			};
			buildConfigurationList = 1DEB922208733DC00010E9CD /* Build configuration list for PBXProject "JBCollections" */;
			compatibilityVersion = "Xcode 3.1";
			developmentRegion = English;
			hasScannedForEncodings = 1;
			knownRegions = (
				English,
				Japanese,
				French,
				German,
			);
			mainGroup = 0867D691FE84028FC02AAC07 /* JBCollections */;
			productRefGroup = 034768DFFF38A50411DB9C8B /* Products */;
			projectDirPath = "";
			projectRoot = "";
			targets = (
				D2AAC07D0554694100DB518D /* JBCollections */,
			);
		};
/* End PBXProject section */

/* Begin PBXSourcesBuildPhase section */
		D2AAC07B0554694100DB518D /* Sources */ = {
			isa = PBXSourcesBuildPhase;
			buildActionMask = 2147483647;
			files = (
				2C0F087612A4FD2D00991032 /* JBAbstractCollection.m in Sources */,
				2C0F09E012A5407E00991032 /* JBStack.m in Sources */,
				2C0F09FE12A541B200991032 /* JBLinkedList.m in Sources */,
				2C0F0A0412A5424C00991032 /* JBAbstractList.m in Sources */,
				2C0F0A2012A5437600991032 /* JBArrayList.m in Sources */,
				2C741E6412A65A410089399D /* JBArray.m in Sources */,
				2CEB888412AD2D4D0080AC4C /* JBPriorityQueue.m in Sources */,
				2C98F89F12AE441300AB3547 /* JBArrays.m in Sources */,
				2C98FBC212AE9D4C00AB3547 /* JBAbstractIterator.m in Sources */,
			);
			runOnlyForDeploymentPostprocessing = 0;
		};
/* End PBXSourcesBuildPhase section */

/* Begin XCBuildConfiguration section */
		1DEB921F08733DC00010E9CD /* Debug */ = {
			isa = XCBuildConfiguration;
			buildSettings = {
				ALWAYS_SEARCH_USER_PATHS = NO;
				ARCHS = "$(ARCHS_STANDARD_32_BIT)";
				COPY_PHASE_STRIP = NO;
				DSTROOT = /tmp/JBCollections.dst;
				GCC_DYNAMIC_NO_PIC = NO;
				GCC_ENABLE_FIX_AND_CONTINUE = YES;
				GCC_MODEL_TUNING = G5;
				GCC_OPTIMIZATION_LEVEL = 0;
				GCC_PRECOMPILE_PREFIX_HEADER = YES;
				GCC_PREFIX_HEADER = JBCollections_Prefix.pch;
				INSTALL_PATH = /usr/local/lib;
				PRODUCT_NAME = JBCollections;
			};
			name = Debug;
		};
		1DEB922008733DC00010E9CD /* Release */ = {
			isa = XCBuildConfiguration;
			buildSettings = {
				ALWAYS_SEARCH_USER_PATHS = NO;
				ARCHS = "$(ARCHS_STANDARD_32_BIT)";
				DSTROOT = /tmp/JBCollections.dst;
				GCC_MODEL_TUNING = G5;
				GCC_PRECOMPILE_PREFIX_HEADER = YES;
				GCC_PREFIX_HEADER = JBCollections_Prefix.pch;
				INSTALL_PATH = /usr/local/lib;
				PRODUCT_NAME = JBCollections;
			};
			name = Release;
		};
		1DEB922308733DC00010E9CD /* Debug */ = {
			isa = XCBuildConfiguration;
			buildSettings = {
				ARCHS = "$(ARCHS_STANDARD_32_BIT)";
				GCC_C_LANGUAGE_STANDARD = c99;
				GCC_OPTIMIZATION_LEVEL = 0;
				GCC_WARN_ABOUT_RETURN_TYPE = YES;
				GCC_WARN_UNUSED_VARIABLE = YES;
				OTHER_LDFLAGS = "-ObjC";
				PREBINDING = NO;
				SDKROOT = iphoneos;
			};
			name = Debug;
		};
		1DEB922408733DC00010E9CD /* Release */ = {
			isa = XCBuildConfiguration;
			buildSettings = {
				ARCHS = "$(ARCHS_STANDARD_32_BIT)";
				GCC_C_LANGUAGE_STANDARD = c99;
				GCC_WARN_ABOUT_RETURN_TYPE = YES;
				GCC_WARN_UNUSED_VARIABLE = YES;
				OTHER_LDFLAGS = "-ObjC";
				PREBINDING = NO;
				SDKROOT = iphoneos;
			};
			name = Release;
		};
/* End XCBuildConfiguration section */

/* Begin XCConfigurationList section */
		1DEB921E08733DC00010E9CD /* Build configuration list for PBXNativeTarget "JBCollections" */ = {
			isa = XCConfigurationList;
			buildConfigurations = (
				1DEB921F08733DC00010E9CD /* Debug */,
				1DEB922008733DC00010E9CD /* Release */,
			);
			defaultConfigurationIsVisible = 0;
			defaultConfigurationName = Release;
		};
		1DEB922208733DC00010E9CD /* Build configuration list for PBXProject "JBCollections" */ = {
			isa = XCConfigurationList;
			buildConfigurations = (
				1DEB922308733DC00010E9CD /* Debug */,
				1DEB922408733DC00010E9CD /* Release */,
			);
			defaultConfigurationIsVisible = 0;
			defaultConfigurationName = Release;
		};
/* End XCConfigurationList section */
	};
	rootObject = 0867D690FE84028FC02AAC07 /* Project object */;
}
