// !$*UTF8*$!
{
	archiveVersion = 1;
	classes = {
	};
	objectVersion = 45;
	objects = {

/* Begin PBXBuildFile section */
		2C0F083E12A4FC3100991032 /* JBCollection.h in Headers */ = {isa = PBXBuildFile; fileRef = 2C0F083D12A4FC3100991032 /* JBCollection.h */; };
		2C0F087512A4FD2D00991032 /* JBAbstractCollection.h in Headers */ = {isa = PBXBuildFile; fileRef = 2C0F087312A4FD2D00991032 /* JBAbstractCollection.h */; };
		2C0F087612A4FD2D00991032 /* JBAbstractCollection.m in Sources */ = {isa = PBXBuildFile; fileRef = 2C0F087412A4FD2D00991032 /* JBAbstractCollection.m */; };
		2C0F08CF12A5005100991032 /* JBList.h in Headers */ = {isa = PBXBuildFile; fileRef = 2C0F08CE12A5005100991032 /* JBList.h */; };
		2C0F092A12A505AE00991032 /* JBSet.h in Headers */ = {isa = PBXBuildFile; fileRef = 2C0F092912A505AE00991032 /* JBSet.h */; };
		2C0F093412A505F800991032 /* JBMap.h in Headers */ = {isa = PBXBuildFile; fileRef = 2C0F093312A505F800991032 /* JBMap.h */; };
		2C0F099212A51EA200991032 /* JBQueue.h in Headers */ = {isa = PBXBuildFile; fileRef = 2C0F099112A51EA200991032 /* JBQueue.h */; };
		2C0F09A612A53DCB00991032 /* JBDeque.h in Headers */ = {isa = PBXBuildFile; fileRef = 2C0F09A512A53DCB00991032 /* JBDeque.h */; };
		2C0F09DF12A5407E00991032 /* JBStack.h in Headers */ = {isa = PBXBuildFile; fileRef = 2C0F09DD12A5407E00991032 /* JBStack.h */; };
		2C0F09E012A5407E00991032 /* JBStack.m in Sources */ = {isa = PBXBuildFile; fileRef = 2C0F09DE12A5407E00991032 /* JBStack.m */; };
		2C0F09FD12A541B200991032 /* JBLinkedList.h in Headers */ = {isa = PBXBuildFile; fileRef = 2C0F09FB12A541B200991032 /* JBLinkedList.h */; };
		2C0F09FE12A541B200991032 /* JBLinkedList.m in Sources */ = {isa = PBXBuildFile; fileRef = 2C0F09FC12A541B200991032 /* JBLinkedList.m */; };
		2C0F0A0312A5424C00991032 /* JBAbstractList.h in Headers */ = {isa = PBXBuildFile; fileRef = 2C0F0A0112A5424C00991032 /* JBAbstractList.h */; };
		2C0F0A0412A5424C00991032 /* JBAbstractList.m in Sources */ = {isa = PBXBuildFile; fileRef = 2C0F0A0212A5424C00991032 /* JBAbstractList.m */; };
		2C0F0A1F12A5437600991032 /* JBArrayList.h in Headers */ = {isa = PBXBuildFile; fileRef = 2C0F0A1D12A5437600991032 /* JBArrayList.h */; };
		2C0F0A2012A5437600991032 /* JBArrayList.m in Sources */ = {isa = PBXBuildFile; fileRef = 2C0F0A1E12A5437600991032 /* JBArrayList.m */; };
		2C34284712B6118700499AED /* JBSplayTreeSet.h in Headers */ = {isa = PBXBuildFile; fileRef = 2C34284512B6118700499AED /* JBSplayTreeSet.h */; };
		2C34284812B6118700499AED /* JBSplayTreeSet.m in Sources */ = {isa = PBXBuildFile; fileRef = 2C34284612B6118700499AED /* JBSplayTreeSet.m */; };
		2C342E0712B65A6D00499AED /* JBHashMap.h in Headers */ = {isa = PBXBuildFile; fileRef = 2C342E0512B65A6D00499AED /* JBHashMap.h */; };
		2C342E0812B65A6D00499AED /* JBHashMap.m in Sources */ = {isa = PBXBuildFile; fileRef = 2C342E0612B65A6D00499AED /* JBHashMap.m */; };
		2C342E0B12B65AE400499AED /* JBAbstractMap.h in Headers */ = {isa = PBXBuildFile; fileRef = 2C342E0912B65AE400499AED /* JBAbstractMap.h */; };
		2C342E0C12B65AE400499AED /* JBAbstractMap.m in Sources */ = {isa = PBXBuildFile; fileRef = 2C342E0A12B65AE400499AED /* JBAbstractMap.m */; };
		2C342E3512B6678D00499AED /* JBHashSet.h in Headers */ = {isa = PBXBuildFile; fileRef = 2C342E3312B6678D00499AED /* JBHashSet.h */; };
		2C342E3612B6678D00499AED /* JBHashSet.m in Sources */ = {isa = PBXBuildFile; fileRef = 2C342E3412B6678D00499AED /* JBHashSet.m */; };
		2C36E12812FC197D00A0924C /* JBComparatorRequired.h in Headers */ = {isa = PBXBuildFile; fileRef = 2C36E12712FC197D00A0924C /* JBComparatorRequired.h */; };
		2C741E6312A65A410089399D /* JBArray.h in Headers */ = {isa = PBXBuildFile; fileRef = 2C741E6112A65A410089399D /* JBArray.h */; };
		2C741E6412A65A410089399D /* JBArray.m in Sources */ = {isa = PBXBuildFile; fileRef = 2C741E6212A65A410089399D /* JBArray.m */; };
		2C74212712ACE4E70089399D /* JBIterator.h in Headers */ = {isa = PBXBuildFile; fileRef = 2C74212612ACE4E70089399D /* JBIterator.h */; };
		2C881EEE12FC375E00B3D990 /* JBAbstractSortedMap.h in Headers */ = {isa = PBXBuildFile; fileRef = 2C881EEC12FC375E00B3D990 /* JBAbstractSortedMap.h */; };
		2C881EEF12FC375E00B3D990 /* JBAbstractSortedMap.m in Sources */ = {isa = PBXBuildFile; fileRef = 2C881EED12FC375E00B3D990 /* JBAbstractSortedMap.m */; };
		2C98FBC112AE9D4C00AB3547 /* JBAbstractIterator.h in Headers */ = {isa = PBXBuildFile; fileRef = 2C98FBBF12AE9D4C00AB3547 /* JBAbstractIterator.h */; };
		2C98FBC212AE9D4C00AB3547 /* JBAbstractIterator.m in Sources */ = {isa = PBXBuildFile; fileRef = 2C98FBC012AE9D4C00AB3547 /* JBAbstractIterator.m */; };
		2CBE070A1301A3B200F68FB8 /* JBFastEnumerable.h in Headers */ = {isa = PBXBuildFile; fileRef = 2CBE07091301A3B200F68FB8 /* JBFastEnumerable.h */; };
		2CBE07D11301B0CB00F68FB8 /* JBIntAbstractCollection.h in Headers */ = {isa = PBXBuildFile; fileRef = 2CBE07C01301B0CB00F68FB8 /* JBIntAbstractCollection.h */; };
		2CBE07D21301B0CB00F68FB8 /* JBIntAbstractCollection.m in Sources */ = {isa = PBXBuildFile; fileRef = 2CBE07C11301B0CB00F68FB8 /* JBIntAbstractCollection.m */; };
		2CBE07D31301B0CB00F68FB8 /* JBIntAbstractIterator.h in Headers */ = {isa = PBXBuildFile; fileRef = 2CBE07C21301B0CB00F68FB8 /* JBIntAbstractIterator.h */; };
		2CBE07D41301B0CB00F68FB8 /* JBIntAbstractIterator.m in Sources */ = {isa = PBXBuildFile; fileRef = 2CBE07C31301B0CB00F68FB8 /* JBIntAbstractIterator.m */; };
		2CBE07D51301B0CB00F68FB8 /* JBIntAbstractList.h in Headers */ = {isa = PBXBuildFile; fileRef = 2CBE07C41301B0CB00F68FB8 /* JBIntAbstractList.h */; };
		2CBE07D61301B0CB00F68FB8 /* JBIntAbstractList.m in Sources */ = {isa = PBXBuildFile; fileRef = 2CBE07C51301B0CB00F68FB8 /* JBIntAbstractList.m */; };
		2CBE07D71301B0CB00F68FB8 /* JBIntArray.h in Headers */ = {isa = PBXBuildFile; fileRef = 2CBE07C61301B0CB00F68FB8 /* JBIntArray.h */; };
		2CBE07D81301B0CB00F68FB8 /* JBIntArray.m in Sources */ = {isa = PBXBuildFile; fileRef = 2CBE07C71301B0CB00F68FB8 /* JBIntArray.m */; };
		2CBE07D91301B0CB00F68FB8 /* JBIntArrayList.h in Headers */ = {isa = PBXBuildFile; fileRef = 2CBE07C81301B0CB00F68FB8 /* JBIntArrayList.h */; };
		2CBE07DA1301B0CB00F68FB8 /* JBIntArrayList.m in Sources */ = {isa = PBXBuildFile; fileRef = 2CBE07C91301B0CB00F68FB8 /* JBIntArrayList.m */; };
		2CBE07DD1301B0CB00F68FB8 /* JBIntCollection.h in Headers */ = {isa = PBXBuildFile; fileRef = 2CBE07CC1301B0CB00F68FB8 /* JBIntCollection.h */; };
		2CBE07DE1301B0CB00F68FB8 /* JBIntDefines.h in Headers */ = {isa = PBXBuildFile; fileRef = 2CBE07CD1301B0CB00F68FB8 /* JBIntDefines.h */; };
		2CBE07DF1301B0CB00F68FB8 /* JBIntDefines.m in Sources */ = {isa = PBXBuildFile; fileRef = 2CBE07CE1301B0CB00F68FB8 /* JBIntDefines.m */; };
		2CBE07E01301B0CB00F68FB8 /* JBIntIterator.h in Headers */ = {isa = PBXBuildFile; fileRef = 2CBE07CF1301B0CB00F68FB8 /* JBIntIterator.h */; };
		2CBE07E11301B0CB00F68FB8 /* JBIntList.h in Headers */ = {isa = PBXBuildFile; fileRef = 2CBE07D01301B0CB00F68FB8 /* JBIntList.h */; };
		2CC905551300266000235662 /* JBCollections.h in Headers */ = {isa = PBXBuildFile; fileRef = 2CC905531300266000235662 /* JBCollections.h */; };
		2CC905561300266000235662 /* JBCollections.m in Sources */ = {isa = PBXBuildFile; fileRef = 2CC905541300266000235662 /* JBCollections.m */; };
		2CE3056012BF60DE007B4488 /* JBSplayTreeMap.h in Headers */ = {isa = PBXBuildFile; fileRef = 2CE3055E12BF60DE007B4488 /* JBSplayTreeMap.h */; };
		2CE3056112BF60DE007B4488 /* JBSplayTreeMap.m in Sources */ = {isa = PBXBuildFile; fileRef = 2CE3055F12BF60DE007B4488 /* JBSplayTreeMap.m */; };
		2CE309CB12BF8C00007B4488 /* JBTreeMap.h in Headers */ = {isa = PBXBuildFile; fileRef = 2CE309C912BF8C00007B4488 /* JBTreeMap.h */; };
		2CE309CC12BF8C00007B4488 /* JBTreeMap.m in Sources */ = {isa = PBXBuildFile; fileRef = 2CE309CA12BF8C00007B4488 /* JBTreeMap.m */; };
		2CE309CF12BF8C13007B4488 /* JBTreeSet.h in Headers */ = {isa = PBXBuildFile; fileRef = 2CE309CD12BF8C13007B4488 /* JBTreeSet.h */; };
		2CE309D012BF8C13007B4488 /* JBTreeSet.m in Sources */ = {isa = PBXBuildFile; fileRef = 2CE309CE12BF8C13007B4488 /* JBTreeSet.m */; };
		2CE309D312BF8CAC007B4488 /* JBAbstractSortedSet.h in Headers */ = {isa = PBXBuildFile; fileRef = 2CE309D112BF8CAC007B4488 /* JBAbstractSortedSet.h */; };
		2CE309D412BF8CAC007B4488 /* JBAbstractSortedSet.m in Sources */ = {isa = PBXBuildFile; fileRef = 2CE309D212BF8CAC007B4488 /* JBAbstractSortedSet.m */; };
		2CE309D612BF8D00007B4488 /* JBSortedMap.h in Headers */ = {isa = PBXBuildFile; fileRef = 2CE309D512BF8D00007B4488 /* JBSortedMap.h */; };
		2CE309E612BF8E7C007B4488 /* JBSortedSet.h in Headers */ = {isa = PBXBuildFile; fileRef = 2CE309E512BF8E7C007B4488 /* JBSortedSet.h */; };
		2CE30F2B12C0BFBD007B4488 /* JPSortedSet.h in Headers */ = {isa = PBXBuildFile; fileRef = 2CE30F2912C0BFBD007B4488 /* JPSortedSet.h */; };
		2CE30F2C12C0BFBD007B4488 /* JPSortedSet.m in Sources */ = {isa = PBXBuildFile; fileRef = 2CE30F2A12C0BFBD007B4488 /* JPSortedSet.m */; };
		2CE88B4612CA0A9600A945FA /* JBExceptions.h in Headers */ = {isa = PBXBuildFile; fileRef = 2CE88B4412CA0A9600A945FA /* JBExceptions.h */; };
		2CE88B4712CA0A9600A945FA /* JBExceptions.m in Sources */ = {isa = PBXBuildFile; fileRef = 2CE88B4512CA0A9600A945FA /* JBExceptions.m */; };
		2CE88C1012CA1D9500A945FA /* JBMapEntry.h in Headers */ = {isa = PBXBuildFile; fileRef = 2CE88C0E12CA1D9500A945FA /* JBMapEntry.h */; };
		2CE88C1112CA1D9500A945FA /* JBMapEntry.m in Sources */ = {isa = PBXBuildFile; fileRef = 2CE88C0F12CA1D9500A945FA /* JBMapEntry.m */; };
		2CEB888312AD2D4D0080AC4C /* JBPriorityQueue.h in Headers */ = {isa = PBXBuildFile; fileRef = 2CEB888112AD2D4D0080AC4C /* JBPriorityQueue.h */; };
		2CEB888412AD2D4D0080AC4C /* JBPriorityQueue.m in Sources */ = {isa = PBXBuildFile; fileRef = 2CEB888212AD2D4D0080AC4C /* JBPriorityQueue.m */; };
		AA747D9F0F9514B9006C5449 /* JBCollections_Prefix.pch in Headers */ = {isa = PBXBuildFile; fileRef = AA747D9E0F9514B9006C5449 /* JBCollections_Prefix.pch */; };
		AACBBE4A0F95108600F1A2B1 /* Foundation.framework in Frameworks */ = {isa = PBXBuildFile; fileRef = AACBBE490F95108600F1A2B1 /* Foundation.framework */; };
/* End PBXBuildFile section */

/* Begin PBXFileReference section */
		2C0F083D12A4FC3100991032 /* JBCollection.h */ = {isa = PBXFileReference; fileEncoding = 4; lastKnownFileType = sourcecode.c.h; path = JBCollection.h; sourceTree = "<group>"; };
		2C0F087312A4FD2D00991032 /* JBAbstractCollection.h */ = {isa = PBXFileReference; fileEncoding = 4; lastKnownFileType = sourcecode.c.h; path = JBAbstractCollection.h; sourceTree = "<group>"; };
		2C0F087412A4FD2D00991032 /* JBAbstractCollection.m */ = {isa = PBXFileReference; fileEncoding = 4; lastKnownFileType = sourcecode.c.objc; path = JBAbstractCollection.m; sourceTree = "<group>"; };
		2C0F08CE12A5005100991032 /* JBList.h */ = {isa = PBXFileReference; fileEncoding = 4; lastKnownFileType = sourcecode.c.h; path = JBList.h; sourceTree = "<group>"; };
		2C0F092912A505AE00991032 /* JBSet.h */ = {isa = PBXFileReference; fileEncoding = 4; lastKnownFileType = sourcecode.c.h; path = JBSet.h; sourceTree = "<group>"; };
		2C0F093312A505F800991032 /* JBMap.h */ = {isa = PBXFileReference; fileEncoding = 4; lastKnownFileType = sourcecode.c.h; path = JBMap.h; sourceTree = "<group>"; };
		2C0F099112A51EA200991032 /* JBQueue.h */ = {isa = PBXFileReference; fileEncoding = 4; lastKnownFileType = sourcecode.c.h; path = JBQueue.h; sourceTree = "<group>"; };
		2C0F09A512A53DCB00991032 /* JBDeque.h */ = {isa = PBXFileReference; fileEncoding = 4; lastKnownFileType = sourcecode.c.h; path = JBDeque.h; sourceTree = "<group>"; };
		2C0F09DD12A5407E00991032 /* JBStack.h */ = {isa = PBXFileReference; fileEncoding = 4; lastKnownFileType = sourcecode.c.h; path = JBStack.h; sourceTree = "<group>"; };
		2C0F09DE12A5407E00991032 /* JBStack.m */ = {isa = PBXFileReference; fileEncoding = 4; lastKnownFileType = sourcecode.c.objc; path = JBStack.m; sourceTree = "<group>"; };
		2C0F09FB12A541B200991032 /* JBLinkedList.h */ = {isa = PBXFileReference; fileEncoding = 4; lastKnownFileType = sourcecode.c.h; path = JBLinkedList.h; sourceTree = "<group>"; };
		2C0F09FC12A541B200991032 /* JBLinkedList.m */ = {isa = PBXFileReference; fileEncoding = 4; lastKnownFileType = sourcecode.c.objc; path = JBLinkedList.m; sourceTree = "<group>"; };
		2C0F0A0112A5424C00991032 /* JBAbstractList.h */ = {isa = PBXFileReference; fileEncoding = 4; lastKnownFileType = sourcecode.c.h; path = JBAbstractList.h; sourceTree = "<group>"; };
		2C0F0A0212A5424C00991032 /* JBAbstractList.m */ = {isa = PBXFileReference; fileEncoding = 4; lastKnownFileType = sourcecode.c.objc; path = JBAbstractList.m; sourceTree = "<group>"; };
		2C0F0A1D12A5437600991032 /* JBArrayList.h */ = {isa = PBXFileReference; fileEncoding = 4; lastKnownFileType = sourcecode.c.h; path = JBArrayList.h; sourceTree = "<group>"; };
		2C0F0A1E12A5437600991032 /* JBArrayList.m */ = {isa = PBXFileReference; fileEncoding = 4; lastKnownFileType = sourcecode.c.objc; path = JBArrayList.m; sourceTree = "<group>"; };
		2C34284512B6118700499AED /* JBSplayTreeSet.h */ = {isa = PBXFileReference; fileEncoding = 4; lastKnownFileType = sourcecode.c.h; path = JBSplayTreeSet.h; sourceTree = "<group>"; };
		2C34284612B6118700499AED /* JBSplayTreeSet.m */ = {isa = PBXFileReference; fileEncoding = 4; lastKnownFileType = sourcecode.c.objc; path = JBSplayTreeSet.m; sourceTree = "<group>"; };
		2C342E0512B65A6D00499AED /* JBHashMap.h */ = {isa = PBXFileReference; fileEncoding = 4; lastKnownFileType = sourcecode.c.h; path = JBHashMap.h; sourceTree = "<group>"; };
		2C342E0612B65A6D00499AED /* JBHashMap.m */ = {isa = PBXFileReference; fileEncoding = 4; lastKnownFileType = sourcecode.c.objc; path = JBHashMap.m; sourceTree = "<group>"; };
		2C342E0912B65AE400499AED /* JBAbstractMap.h */ = {isa = PBXFileReference; fileEncoding = 4; lastKnownFileType = sourcecode.c.h; path = JBAbstractMap.h; sourceTree = "<group>"; };
		2C342E0A12B65AE400499AED /* JBAbstractMap.m */ = {isa = PBXFileReference; fileEncoding = 4; lastKnownFileType = sourcecode.c.objc; path = JBAbstractMap.m; sourceTree = "<group>"; };
		2C342E3312B6678D00499AED /* JBHashSet.h */ = {isa = PBXFileReference; fileEncoding = 4; lastKnownFileType = sourcecode.c.h; path = JBHashSet.h; sourceTree = "<group>"; };
		2C342E3412B6678D00499AED /* JBHashSet.m */ = {isa = PBXFileReference; fileEncoding = 4; lastKnownFileType = sourcecode.c.objc; path = JBHashSet.m; sourceTree = "<group>"; };
		2C36E12712FC197D00A0924C /* JBComparatorRequired.h */ = {isa = PBXFileReference; fileEncoding = 4; lastKnownFileType = sourcecode.c.h; path = JBComparatorRequired.h; sourceTree = "<group>"; };
		2C741E6112A65A410089399D /* JBArray.h */ = {isa = PBXFileReference; fileEncoding = 4; lastKnownFileType = sourcecode.c.h; path = JBArray.h; sourceTree = "<group>"; };
		2C741E6212A65A410089399D /* JBArray.m */ = {isa = PBXFileReference; fileEncoding = 4; lastKnownFileType = sourcecode.c.objc; path = JBArray.m; sourceTree = "<group>"; };
		2C74212612ACE4E70089399D /* JBIterator.h */ = {isa = PBXFileReference; fileEncoding = 4; lastKnownFileType = sourcecode.c.h; path = JBIterator.h; sourceTree = "<group>"; };
		2C881EEC12FC375E00B3D990 /* JBAbstractSortedMap.h */ = {isa = PBXFileReference; fileEncoding = 4; lastKnownFileType = sourcecode.c.h; path = JBAbstractSortedMap.h; sourceTree = "<group>"; };
		2C881EED12FC375E00B3D990 /* JBAbstractSortedMap.m */ = {isa = PBXFileReference; fileEncoding = 4; lastKnownFileType = sourcecode.c.objc; path = JBAbstractSortedMap.m; sourceTree = "<group>"; };
		2C9885C812CB7BCA000818F9 /* Tests-Info.plist */ = {isa = PBXFileReference; lastKnownFileType = text.plist.xml; path = "Tests-Info.plist"; sourceTree = "<group>"; };
		2C98FBBF12AE9D4C00AB3547 /* JBAbstractIterator.h */ = {isa = PBXFileReference; fileEncoding = 4; lastKnownFileType = sourcecode.c.h; path = JBAbstractIterator.h; sourceTree = "<group>"; };
		2C98FBC012AE9D4C00AB3547 /* JBAbstractIterator.m */ = {isa = PBXFileReference; fileEncoding = 4; lastKnownFileType = sourcecode.c.objc; path = JBAbstractIterator.m; sourceTree = "<group>"; };
		2CBE07091301A3B200F68FB8 /* JBFastEnumerable.h */ = {isa = PBXFileReference; fileEncoding = 4; lastKnownFileType = sourcecode.c.h; path = JBFastEnumerable.h; sourceTree = "<group>"; };
		2CBE07C01301B0CB00F68FB8 /* JBIntAbstractCollection.h */ = {isa = PBXFileReference; fileEncoding = 4; lastKnownFileType = sourcecode.c.h; name = JBIntAbstractCollection.h; path = primitive/Int/JBIntAbstractCollection.h; sourceTree = "<group>"; };
		2CBE07C11301B0CB00F68FB8 /* JBIntAbstractCollection.m */ = {isa = PBXFileReference; fileEncoding = 4; lastKnownFileType = sourcecode.c.objc; name = JBIntAbstractCollection.m; path = primitive/Int/JBIntAbstractCollection.m; sourceTree = "<group>"; };
		2CBE07C21301B0CB00F68FB8 /* JBIntAbstractIterator.h */ = {isa = PBXFileReference; fileEncoding = 4; lastKnownFileType = sourcecode.c.h; name = JBIntAbstractIterator.h; path = primitive/Int/JBIntAbstractIterator.h; sourceTree = "<group>"; };
		2CBE07C31301B0CB00F68FB8 /* JBIntAbstractIterator.m */ = {isa = PBXFileReference; fileEncoding = 4; lastKnownFileType = sourcecode.c.objc; name = JBIntAbstractIterator.m; path = primitive/Int/JBIntAbstractIterator.m; sourceTree = "<group>"; };
		2CBE07C41301B0CB00F68FB8 /* JBIntAbstractList.h */ = {isa = PBXFileReference; fileEncoding = 4; lastKnownFileType = sourcecode.c.h; name = JBIntAbstractList.h; path = primitive/Int/JBIntAbstractList.h; sourceTree = "<group>"; };
		2CBE07C51301B0CB00F68FB8 /* JBIntAbstractList.m */ = {isa = PBXFileReference; fileEncoding = 4; lastKnownFileType = sourcecode.c.objc; name = JBIntAbstractList.m; path = primitive/Int/JBIntAbstractList.m; sourceTree = "<group>"; };
		2CBE07C61301B0CB00F68FB8 /* JBIntArray.h */ = {isa = PBXFileReference; fileEncoding = 4; lastKnownFileType = sourcecode.c.h; name = JBIntArray.h; path = primitive/Int/JBIntArray.h; sourceTree = "<group>"; };
		2CBE07C71301B0CB00F68FB8 /* JBIntArray.m */ = {isa = PBXFileReference; fileEncoding = 4; lastKnownFileType = sourcecode.c.objc; name = JBIntArray.m; path = primitive/Int/JBIntArray.m; sourceTree = "<group>"; };
		2CBE07C81301B0CB00F68FB8 /* JBIntArrayList.h */ = {isa = PBXFileReference; fileEncoding = 4; lastKnownFileType = sourcecode.c.h; name = JBIntArrayList.h; path = primitive/Int/JBIntArrayList.h; sourceTree = "<group>"; };
		2CBE07C91301B0CB00F68FB8 /* JBIntArrayList.m */ = {isa = PBXFileReference; fileEncoding = 4; lastKnownFileType = sourcecode.c.objc; name = JBIntArrayList.m; path = primitive/Int/JBIntArrayList.m; sourceTree = "<group>"; };
		2CBE07CC1301B0CB00F68FB8 /* JBIntCollection.h */ = {isa = PBXFileReference; fileEncoding = 4; lastKnownFileType = sourcecode.c.h; name = JBIntCollection.h; path = primitive/Int/JBIntCollection.h; sourceTree = "<group>"; };
		2CBE07CD1301B0CB00F68FB8 /* JBIntDefines.h */ = {isa = PBXFileReference; fileEncoding = 4; lastKnownFileType = sourcecode.c.h; name = JBIntDefines.h; path = primitive/Int/JBIntDefines.h; sourceTree = "<group>"; };
		2CBE07CE1301B0CB00F68FB8 /* JBIntDefines.m */ = {isa = PBXFileReference; fileEncoding = 4; lastKnownFileType = sourcecode.c.objc; name = JBIntDefines.m; path = primitive/Int/JBIntDefines.m; sourceTree = "<group>"; };
		2CBE07CF1301B0CB00F68FB8 /* JBIntIterator.h */ = {isa = PBXFileReference; fileEncoding = 4; lastKnownFileType = sourcecode.c.h; name = JBIntIterator.h; path = primitive/Int/JBIntIterator.h; sourceTree = "<group>"; };
		2CBE07D01301B0CB00F68FB8 /* JBIntList.h */ = {isa = PBXFileReference; fileEncoding = 4; lastKnownFileType = sourcecode.c.h; name = JBIntList.h; path = primitive/Int/JBIntList.h; sourceTree = "<group>"; };
		2CC905531300266000235662 /* JBCollections.h */ = {isa = PBXFileReference; fileEncoding = 4; lastKnownFileType = sourcecode.c.h; path = JBCollections.h; sourceTree = "<group>"; };
		2CC905541300266000235662 /* JBCollections.m */ = {isa = PBXFileReference; fileEncoding = 4; lastKnownFileType = sourcecode.c.objc; path = JBCollections.m; sourceTree = "<group>"; };
		2CE3055E12BF60DE007B4488 /* JBSplayTreeMap.h */ = {isa = PBXFileReference; fileEncoding = 4; lastKnownFileType = sourcecode.c.h; path = JBSplayTreeMap.h; sourceTree = "<group>"; };
		2CE3055F12BF60DE007B4488 /* JBSplayTreeMap.m */ = {isa = PBXFileReference; fileEncoding = 4; lastKnownFileType = sourcecode.c.objc; path = JBSplayTreeMap.m; sourceTree = "<group>"; };
		2CE309C912BF8C00007B4488 /* JBTreeMap.h */ = {isa = PBXFileReference; fileEncoding = 4; lastKnownFileType = sourcecode.c.h; path = JBTreeMap.h; sourceTree = "<group>"; };
		2CE309CA12BF8C00007B4488 /* JBTreeMap.m */ = {isa = PBXFileReference; fileEncoding = 4; lastKnownFileType = sourcecode.c.objc; path = JBTreeMap.m; sourceTree = "<group>"; };
		2CE309CD12BF8C13007B4488 /* JBTreeSet.h */ = {isa = PBXFileReference; fileEncoding = 4; lastKnownFileType = sourcecode.c.h; path = JBTreeSet.h; sourceTree = "<group>"; };
		2CE309CE12BF8C13007B4488 /* JBTreeSet.m */ = {isa = PBXFileReference; fileEncoding = 4; lastKnownFileType = sourcecode.c.objc; path = JBTreeSet.m; sourceTree = "<group>"; };
		2CE309D112BF8CAC007B4488 /* JBAbstractSortedSet.h */ = {isa = PBXFileReference; fileEncoding = 4; lastKnownFileType = sourcecode.c.h; path = JBAbstractSortedSet.h; sourceTree = "<group>"; };
		2CE309D212BF8CAC007B4488 /* JBAbstractSortedSet.m */ = {isa = PBXFileReference; fileEncoding = 4; lastKnownFileType = sourcecode.c.objc; path = JBAbstractSortedSet.m; sourceTree = "<group>"; };
		2CE309D512BF8D00007B4488 /* JBSortedMap.h */ = {isa = PBXFileReference; fileEncoding = 4; lastKnownFileType = sourcecode.c.h; path = JBSortedMap.h; sourceTree = "<group>"; };
		2CE309E512BF8E7C007B4488 /* JBSortedSet.h */ = {isa = PBXFileReference; fileEncoding = 4; lastKnownFileType = sourcecode.c.h; path = JBSortedSet.h; sourceTree = "<group>"; };
		2CE30F2912C0BFBD007B4488 /* JPSortedSet.h */ = {isa = PBXFileReference; fileEncoding = 4; lastKnownFileType = sourcecode.c.h; path = JPSortedSet.h; sourceTree = "<group>"; };
		2CE30F2A12C0BFBD007B4488 /* JPSortedSet.m */ = {isa = PBXFileReference; fileEncoding = 4; lastKnownFileType = sourcecode.c.objc; path = JPSortedSet.m; sourceTree = "<group>"; };
		2CE88B4412CA0A9600A945FA /* JBExceptions.h */ = {isa = PBXFileReference; fileEncoding = 4; lastKnownFileType = sourcecode.c.h; path = JBExceptions.h; sourceTree = "<group>"; };
		2CE88B4512CA0A9600A945FA /* JBExceptions.m */ = {isa = PBXFileReference; fileEncoding = 4; lastKnownFileType = sourcecode.c.objc; path = JBExceptions.m; sourceTree = "<group>"; };
		2CE88C0E12CA1D9500A945FA /* JBMapEntry.h */ = {isa = PBXFileReference; fileEncoding = 4; lastKnownFileType = sourcecode.c.h; path = JBMapEntry.h; sourceTree = "<group>"; };
		2CE88C0F12CA1D9500A945FA /* JBMapEntry.m */ = {isa = PBXFileReference; fileEncoding = 4; lastKnownFileType = sourcecode.c.objc; path = JBMapEntry.m; sourceTree = "<group>"; };
		2CEB888112AD2D4D0080AC4C /* JBPriorityQueue.h */ = {isa = PBXFileReference; fileEncoding = 4; lastKnownFileType = sourcecode.c.h; path = JBPriorityQueue.h; sourceTree = "<group>"; };
		2CEB888212AD2D4D0080AC4C /* JBPriorityQueue.m */ = {isa = PBXFileReference; fileEncoding = 4; lastKnownFileType = sourcecode.c.objc; path = JBPriorityQueue.m; sourceTree = "<group>"; };
		AA747D9E0F9514B9006C5449 /* JBCollections_Prefix.pch */ = {isa = PBXFileReference; fileEncoding = 4; lastKnownFileType = sourcecode.c.h; path = JBCollections_Prefix.pch; sourceTree = SOURCE_ROOT; };
		AACBBE490F95108600F1A2B1 /* Foundation.framework */ = {isa = PBXFileReference; lastKnownFileType = wrapper.framework; name = Foundation.framework; path = System/Library/Frameworks/Foundation.framework; sourceTree = SDKROOT; };
		D2AAC07E0554694100DB518D /* libJBCollections.a */ = {isa = PBXFileReference; explicitFileType = archive.ar; includeInIndex = 0; path = libJBCollections.a; sourceTree = BUILT_PRODUCTS_DIR; };
/* End PBXFileReference section */

/* Begin PBXFrameworksBuildPhase section */
		D2AAC07C0554694100DB518D /* Frameworks */ = {
			isa = PBXFrameworksBuildPhase;
			buildActionMask = 2147483647;
			files = (
				AACBBE4A0F95108600F1A2B1 /* Foundation.framework in Frameworks */,
			);
			runOnlyForDeploymentPostprocessing = 0;
		};
/* End PBXFrameworksBuildPhase section */

/* Begin PBXGroup section */
		034768DFFF38A50411DB9C8B /* Products */ = {
			isa = PBXGroup;
			children = (
				D2AAC07E0554694100DB518D /* libJBCollections.a */,
			);
			name = Products;
			sourceTree = "<group>";
		};
		0867D691FE84028FC02AAC07 /* JBCollections */ = {
			isa = PBXGroup;
			children = (
				08FB77AEFE84172EC02AAC07 /* Classes */,
				32C88DFF0371C24200C91783 /* Other Sources */,
				0867D69AFE84028FC02AAC07 /* Frameworks */,
				034768DFFF38A50411DB9C8B /* Products */,
				2C9885C812CB7BCA000818F9 /* Tests-Info.plist */,
			);
			name = JBCollections;
			sourceTree = "<group>";
		};
		0867D69AFE84028FC02AAC07 /* Frameworks */ = {
			isa = PBXGroup;
			children = (
				AACBBE490F95108600F1A2B1 /* Foundation.framework */,
			);
			name = Frameworks;
			sourceTree = "<group>";
		};
		08FB77AEFE84172EC02AAC07 /* Classes */ = {
			isa = PBXGroup;
			children = (
				2CBE03A71301690B00F68FB8 /* primitive */,
				2C0F083D12A4FC3100991032 /* JBCollection.h */,
				2C0F08CE12A5005100991032 /* JBList.h */,
				2C0F092912A505AE00991032 /* JBSet.h */,
				2CE309E512BF8E7C007B4488 /* JBSortedSet.h */,
				2C0F093312A505F800991032 /* JBMap.h */,
				2CE309D512BF8D00007B4488 /* JBSortedMap.h */,
				2C0F099112A51EA200991032 /* JBQueue.h */,
				2C0F09A512A53DCB00991032 /* JBDeque.h */,
				2C74212612ACE4E70089399D /* JBIterator.h */,
				2C342E0912B65AE400499AED /* JBAbstractMap.h */,
				2C342E0A12B65AE400499AED /* JBAbstractMap.m */,
				2CE88C0E12CA1D9500A945FA /* JBMapEntry.h */,
				2CE88C0F12CA1D9500A945FA /* JBMapEntry.m */,
				2C0F087312A4FD2D00991032 /* JBAbstractCollection.h */,
				2C0F087412A4FD2D00991032 /* JBAbstractCollection.m */,
				2C0F0A0112A5424C00991032 /* JBAbstractList.h */,
				2C0F0A0212A5424C00991032 /* JBAbstractList.m */,
				2CBE07091301A3B200F68FB8 /* JBFastEnumerable.h */,
				2C36E12712FC197D00A0924C /* JBComparatorRequired.h */,
				2CE309D112BF8CAC007B4488 /* JBAbstractSortedSet.h */,
				2CE309D212BF8CAC007B4488 /* JBAbstractSortedSet.m */,
				2C881EEC12FC375E00B3D990 /* JBAbstractSortedMap.h */,
				2C881EED12FC375E00B3D990 /* JBAbstractSortedMap.m */,
				2C0F09DD12A5407E00991032 /* JBStack.h */,
				2C0F09DE12A5407E00991032 /* JBStack.m */,
				2C0F09FB12A541B200991032 /* JBLinkedList.h */,
				2C0F09FC12A541B200991032 /* JBLinkedList.m */,
				2C0F0A1D12A5437600991032 /* JBArrayList.h */,
				2C0F0A1E12A5437600991032 /* JBArrayList.m */,
				2C741E6112A65A410089399D /* JBArray.h */,
				2C741E6212A65A410089399D /* JBArray.m */,
				2CEB888112AD2D4D0080AC4C /* JBPriorityQueue.h */,
				2CEB888212AD2D4D0080AC4C /* JBPriorityQueue.m */,
				2C98FBBF12AE9D4C00AB3547 /* JBAbstractIterator.h */,
				2C98FBC012AE9D4C00AB3547 /* JBAbstractIterator.m */,
				2C342E3312B6678D00499AED /* JBHashSet.h */,
				2C342E3412B6678D00499AED /* JBHashSet.m */,
				2C342E0512B65A6D00499AED /* JBHashMap.h */,
				2C342E0612B65A6D00499AED /* JBHashMap.m */,
				2CE309CD12BF8C13007B4488 /* JBTreeSet.h */,
				2CE309CE12BF8C13007B4488 /* JBTreeSet.m */,
				2C34284512B6118700499AED /* JBSplayTreeSet.h */,
				2C34284612B6118700499AED /* JBSplayTreeSet.m */,
				2CE309C912BF8C00007B4488 /* JBTreeMap.h */,
				2CE309CA12BF8C00007B4488 /* JBTreeMap.m */,
				2CE3055E12BF60DE007B4488 /* JBSplayTreeMap.h */,
				2CE3055F12BF60DE007B4488 /* JBSplayTreeMap.m */,
				2CE88B4412CA0A9600A945FA /* JBExceptions.h */,
				2CE88B4512CA0A9600A945FA /* JBExceptions.m */,
				2CE30F2912C0BFBD007B4488 /* JPSortedSet.h */,
				2CE30F2A12C0BFBD007B4488 /* JPSortedSet.m */,
				2CC905531300266000235662 /* JBCollections.h */,
				2CC905541300266000235662 /* JBCollections.m */,
			);
			path = Classes;
			sourceTree = "<group>";
		};
		2CBE03A71301690B00F68FB8 /* primitive */ = {
			isa = PBXGroup;
			children = (
				2CBE03C413016D0800F68FB8 /* Int */,
			);
			name = primitive;
			sourceTree = "<group>";
		};
		2CBE03C413016D0800F68FB8 /* Int */ = {
			isa = PBXGroup;
			children = (
				2CBE07CC1301B0CB00F68FB8 /* JBIntCollection.h */,
				2CBE07D01301B0CB00F68FB8 /* JBIntList.h */,
				2CBE07CF1301B0CB00F68FB8 /* JBIntIterator.h */,
				2CBE07C21301B0CB00F68FB8 /* JBIntAbstractIterator.h */,
				2CBE07C31301B0CB00F68FB8 /* JBIntAbstractIterator.m */,
				2CBE07C01301B0CB00F68FB8 /* JBIntAbstractCollection.h */,
				2CBE07C11301B0CB00F68FB8 /* JBIntAbstractCollection.m */,
				2CBE07C41301B0CB00F68FB8 /* JBIntAbstractList.h */,
				2CBE07C51301B0CB00F68FB8 /* JBIntAbstractList.m */,
				2CBE07C61301B0CB00F68FB8 /* JBIntArray.h */,
				2CBE07C71301B0CB00F68FB8 /* JBIntArray.m */,
				2CBE07C81301B0CB00F68FB8 /* JBIntArrayList.h */,
				2CBE07C91301B0CB00F68FB8 /* JBIntArrayList.m */,
				2CBE07CD1301B0CB00F68FB8 /* JBIntDefines.h */,
				2CBE07CE1301B0CB00F68FB8 /* JBIntDefines.m */,
			);
			name = Int;
			sourceTree = "<group>";
		};
		32C88DFF0371C24200C91783 /* Other Sources */ = {
			isa = PBXGroup;
			children = (
				AA747D9E0F9514B9006C5449 /* JBCollections_Prefix.pch */,
			);
			name = "Other Sources";
			sourceTree = "<group>";
		};
/* End PBXGroup section */

/* Begin PBXHeadersBuildPhase section */
		D2AAC07A0554694100DB518D /* Headers */ = {
			isa = PBXHeadersBuildPhase;
			buildActionMask = 2147483647;
			files = (
				AA747D9F0F9514B9006C5449 /* JBCollections_Prefix.pch in Headers */,
				2C0F083E12A4FC3100991032 /* JBCollection.h in Headers */,
				2C0F087512A4FD2D00991032 /* JBAbstractCollection.h in Headers */,
				2C0F08CF12A5005100991032 /* JBList.h in Headers */,
				2C0F092A12A505AE00991032 /* JBSet.h in Headers */,
				2C0F093412A505F800991032 /* JBMap.h in Headers */,
				2C0F099212A51EA200991032 /* JBQueue.h in Headers */,
				2C0F09A612A53DCB00991032 /* JBDeque.h in Headers */,
				2C0F09DF12A5407E00991032 /* JBStack.h in Headers */,
				2C0F09FD12A541B200991032 /* JBLinkedList.h in Headers */,
				2C0F0A0312A5424C00991032 /* JBAbstractList.h in Headers */,
				2C0F0A1F12A5437600991032 /* JBArrayList.h in Headers */,
				2C741E6312A65A410089399D /* JBArray.h in Headers */,
				2C74212712ACE4E70089399D /* JBIterator.h in Headers */,
				2CEB888312AD2D4D0080AC4C /* JBPriorityQueue.h in Headers */,
				2C98FBC112AE9D4C00AB3547 /* JBAbstractIterator.h in Headers */,
				2C34284712B6118700499AED /* JBSplayTreeSet.h in Headers */,
				2C342E0712B65A6D00499AED /* JBHashMap.h in Headers */,
				2C342E0B12B65AE400499AED /* JBAbstractMap.h in Headers */,
				2C342E3512B6678D00499AED /* JBHashSet.h in Headers */,
				2CE3056012BF60DE007B4488 /* JBSplayTreeMap.h in Headers */,
				2CE309CB12BF8C00007B4488 /* JBTreeMap.h in Headers */,
				2CE309CF12BF8C13007B4488 /* JBTreeSet.h in Headers */,
				2CE309D312BF8CAC007B4488 /* JBAbstractSortedSet.h in Headers */,
				2CE309D612BF8D00007B4488 /* JBSortedMap.h in Headers */,
				2CE309E612BF8E7C007B4488 /* JBSortedSet.h in Headers */,
				2CE30F2B12C0BFBD007B4488 /* JPSortedSet.h in Headers */,
				2CE88B4612CA0A9600A945FA /* JBExceptions.h in Headers */,
				2CE88C1012CA1D9500A945FA /* JBMapEntry.h in Headers */,
				2C36E12812FC197D00A0924C /* JBComparatorRequired.h in Headers */,
				2C881EEE12FC375E00B3D990 /* JBAbstractSortedMap.h in Headers */,
				2CC905551300266000235662 /* JBCollections.h in Headers */,
				2CBE070A1301A3B200F68FB8 /* JBFastEnumerable.h in Headers */,
				2CBE07D11301B0CB00F68FB8 /* JBIntAbstractCollection.h in Headers */,
				2CBE07D31301B0CB00F68FB8 /* JBIntAbstractIterator.h in Headers */,
				2CBE07D51301B0CB00F68FB8 /* JBIntAbstractList.h in Headers */,
				2CBE07D71301B0CB00F68FB8 /* JBIntArray.h in Headers */,
				2CBE07D91301B0CB00F68FB8 /* JBIntArrayList.h in Headers */,
				2CBE07DD1301B0CB00F68FB8 /* JBIntCollection.h in Headers */,
				2CBE07DE1301B0CB00F68FB8 /* JBIntDefines.h in Headers */,
				2CBE07E01301B0CB00F68FB8 /* JBIntIterator.h in Headers */,
				2CBE07E11301B0CB00F68FB8 /* JBIntList.h in Headers */,
			);
			runOnlyForDeploymentPostprocessing = 0;
		};
/* End PBXHeadersBuildPhase section */

/* Begin PBXNativeTarget section */
		D2AAC07D0554694100DB518D /* JBCollections */ = {
			isa = PBXNativeTarget;
			buildConfigurationList = 1DEB921E08733DC00010E9CD /* Build configuration list for PBXNativeTarget "JBCollections" */;
			buildPhases = (
				D2AAC07A0554694100DB518D /* Headers */,
				D2AAC07B0554694100DB518D /* Sources */,
				D2AAC07C0554694100DB518D /* Frameworks */,
			);
			buildRules = (
			);
			dependencies = (
			);
			name = JBCollections;
			productName = JBCollections;
			productReference = D2AAC07E0554694100DB518D /* libJBCollections.a */;
			productType = "com.apple.product-type.library.static";
		};
/* End PBXNativeTarget section */

/* Begin PBXProject section */
		0867D690FE84028FC02AAC07 /* Project object */ = {
			isa = PBXProject;
			attributes = {
				ORGANIZATIONNAME = JetBrains;
			};
			buildConfigurationList = 1DEB922208733DC00010E9CD /* Build configuration list for PBXProject "JBCollections" */;
			compatibilityVersion = "Xcode 3.1";
			developmentRegion = English;
			hasScannedForEncodings = 1;
			knownRegions = (
				English,
				Japanese,
				French,
				German,
			);
			mainGroup = 0867D691FE84028FC02AAC07 /* JBCollections */;
			productRefGroup = 034768DFFF38A50411DB9C8B /* Products */;
			projectDirPath = "";
			projectRoot = "";
			targets = (
				D2AAC07D0554694100DB518D /* JBCollections */,
			);
		};
/* End PBXProject section */

/* Begin PBXSourcesBuildPhase section */
		D2AAC07B0554694100DB518D /* Sources */ = {
			isa = PBXSourcesBuildPhase;
			buildActionMask = 2147483647;
			files = (
				2C0F087612A4FD2D00991032 /* JBAbstractCollection.m in Sources */,
				2C0F09E012A5407E00991032 /* JBStack.m in Sources */,
				2C0F09FE12A541B200991032 /* JBLinkedList.m in Sources */,
				2C0F0A0412A5424C00991032 /* JBAbstractList.m in Sources */,
				2C0F0A2012A5437600991032 /* JBArrayList.m in Sources */,
				2C741E6412A65A410089399D /* JBArray.m in Sources */,
				2CEB888412AD2D4D0080AC4C /* JBPriorityQueue.m in Sources */,
				2C98FBC212AE9D4C00AB3547 /* JBAbstractIterator.m in Sources */,
				2C34284812B6118700499AED /* JBSplayTreeSet.m in Sources */,
				2C342E0812B65A6D00499AED /* JBHashMap.m in Sources */,
				2C342E0C12B65AE400499AED /* JBAbstractMap.m in Sources */,
				2C342E3612B6678D00499AED /* JBHashSet.m in Sources */,
				2CE3056112BF60DE007B4488 /* JBSplayTreeMap.m in Sources */,
				2CE309CC12BF8C00007B4488 /* JBTreeMap.m in Sources */,
				2CE309D012BF8C13007B4488 /* JBTreeSet.m in Sources */,
				2CE309D412BF8CAC007B4488 /* JBAbstractSortedSet.m in Sources */,
				2CE30F2C12C0BFBD007B4488 /* JPSortedSet.m in Sources */,
				2CE88B4712CA0A9600A945FA /* JBExceptions.m in Sources */,
				2CE88C1112CA1D9500A945FA /* JBMapEntry.m in Sources */,
				2C881EEF12FC375E00B3D990 /* JBAbstractSortedMap.m in Sources */,
				2CC905561300266000235662 /* JBCollections.m in Sources */,
				2CBE07D21301B0CB00F68FB8 /* JBIntAbstractCollection.m in Sources */,
				2CBE07D41301B0CB00F68FB8 /* JBIntAbstractIterator.m in Sources */,
				2CBE07D61301B0CB00F68FB8 /* JBIntAbstractList.m in Sources */,
				2CBE07D81301B0CB00F68FB8 /* JBIntArray.m in Sources */,
				2CBE07DA1301B0CB00F68FB8 /* JBIntArrayList.m in Sources */,
				2CBE07DF1301B0CB00F68FB8 /* JBIntDefines.m in Sources */,
			);
			runOnlyForDeploymentPostprocessing = 0;
		};
/* End PBXSourcesBuildPhase section */

/* Begin XCBuildConfiguration section */
		1DEB921F08733DC00010E9CD /* Debug */ = {
			isa = XCBuildConfiguration;
			buildSettings = {
				ALWAYS_SEARCH_USER_PATHS = NO;
				ARCHS = "$(ARCHS_STANDARD_32_BIT)";
				COPY_PHASE_STRIP = NO;
				DSTROOT = /tmp/JBCollections.dst;
				GCC_DYNAMIC_NO_PIC = NO;
				GCC_ENABLE_FIX_AND_CONTINUE = YES;
				GCC_MODEL_TUNING = G5;
				GCC_OPTIMIZATION_LEVEL = 0;
				GCC_PRECOMPILE_PREFIX_HEADER = YES;
				GCC_PREFIX_HEADER = JBCollections_Prefix.pch;
				INSTALL_PATH = /usr/local/lib;
				PRODUCT_NAME = JBCollections;
			};
			name = Debug;
		};
		1DEB922008733DC00010E9CD /* Release */ = {
			isa = XCBuildConfiguration;
			buildSettings = {
				ALWAYS_SEARCH_USER_PATHS = NO;
				ARCHS = "$(ARCHS_STANDARD_32_BIT)";
				DSTROOT = /tmp/JBCollections.dst;
				GCC_MODEL_TUNING = G5;
				GCC_PRECOMPILE_PREFIX_HEADER = YES;
				GCC_PREFIX_HEADER = JBCollections_Prefix.pch;
				INSTALL_PATH = /usr/local/lib;
				PRODUCT_NAME = JBCollections;
			};
			name = Release;
		};
		1DEB922308733DC00010E9CD /* Debug */ = {
			isa = XCBuildConfiguration;
			buildSettings = {
				ARCHS = "$(ARCHS_STANDARD_32_BIT)";
				GCC_C_LANGUAGE_STANDARD = c99;
				GCC_GENERATE_TEST_COVERAGE_FILES = NO;
				GCC_INSTRUMENT_PROGRAM_FLOW_ARCS = NO;
				GCC_OPTIMIZATION_LEVEL = 0;
				GCC_WARN_ABOUT_RETURN_TYPE = YES;
				GCC_WARN_UNUSED_VARIABLE = YES;
				OTHER_LDFLAGS = "-ObjC";
				PREBINDING = NO;
				SDKROOT = iphoneos;
				WRAPPER_EXTENSION = "";
			};
			name = Debug;
		};
		1DEB922408733DC00010E9CD /* Release */ = {
			isa = XCBuildConfiguration;
			buildSettings = {
				ARCHS = "$(ARCHS_STANDARD_32_BIT)";
				GCC_C_LANGUAGE_STANDARD = c99;
				GCC_GENERATE_TEST_COVERAGE_FILES = NO;
				GCC_INSTRUMENT_PROGRAM_FLOW_ARCS = NO;
				GCC_WARN_ABOUT_RETURN_TYPE = YES;
				GCC_WARN_UNUSED_VARIABLE = YES;
				OTHER_LDFLAGS = "-ObjC";
				PREBINDING = NO;
				SDKROOT = iphoneos;
				WRAPPER_EXTENSION = "";
			};
			name = Release;
		};
/* End XCBuildConfiguration section */

/* Begin XCConfigurationList section */
		1DEB921E08733DC00010E9CD /* Build configuration list for PBXNativeTarget "JBCollections" */ = {
			isa = XCConfigurationList;
			buildConfigurations = (
				1DEB921F08733DC00010E9CD /* Debug */,
				1DEB922008733DC00010E9CD /* Release */,
			);
			defaultConfigurationIsVisible = 0;
			defaultConfigurationName = Release;
		};
		1DEB922208733DC00010E9CD /* Build configuration list for PBXProject "JBCollections" */ = {
			isa = XCConfigurationList;
			buildConfigurations = (
				1DEB922308733DC00010E9CD /* Debug */,
				1DEB922408733DC00010E9CD /* Release */,
			);
			defaultConfigurationIsVisible = 0;
			defaultConfigurationName = Release;
		};
/* End XCConfigurationList section */
	};
	rootObject = 0867D690FE84028FC02AAC07 /* Project object */;
}
